version: 6
environments:
  default:
    channels:
    - url: https://conda.anaconda.org/conda-forge/
    indexes:
    - https://pypi.org/simple
    packages:
      linux-64:
      - conda: https://conda.anaconda.org/conda-forge/linux-64/_libgcc_mutex-0.1-conda_forge.tar.bz2
      - conda: https://conda.anaconda.org/conda-forge/linux-64/_openmp_mutex-4.5-2_gnu.tar.bz2
      - conda: https://conda.anaconda.org/conda-forge/linux-64/bzip2-1.0.8-h4bc722e_7.conda
      - conda: https://conda.anaconda.org/conda-forge/linux-64/ca-certificates-2025.1.31-hbcca054_0.conda
      - conda: https://conda.anaconda.org/conda-forge/linux-64/ld_impl_linux-64-2.43-h712a8e2_4.conda
      - conda: https://conda.anaconda.org/conda-forge/linux-64/libffi-3.4.6-h2dba641_1.conda
      - conda: https://conda.anaconda.org/conda-forge/linux-64/libgcc-14.2.0-h767d61c_2.conda
      - conda: https://conda.anaconda.org/conda-forge/linux-64/libgcc-ng-14.2.0-h69a702a_2.conda
      - conda: https://conda.anaconda.org/conda-forge/linux-64/libgomp-14.2.0-h767d61c_2.conda
      - conda: https://conda.anaconda.org/conda-forge/linux-64/liblzma-5.6.4-hb9d3cd8_0.conda
      - conda: https://conda.anaconda.org/conda-forge/linux-64/libnsl-2.0.1-hd590300_0.conda
      - conda: https://conda.anaconda.org/conda-forge/linux-64/libsqlite-3.49.1-hee588c1_2.conda
      - conda: https://conda.anaconda.org/conda-forge/linux-64/libuuid-2.38.1-h0b41bf4_0.conda
      - conda: https://conda.anaconda.org/conda-forge/linux-64/libxcrypt-4.4.36-hd590300_1.conda
      - conda: https://conda.anaconda.org/conda-forge/linux-64/libzlib-1.3.1-hb9d3cd8_2.conda
      - conda: https://conda.anaconda.org/conda-forge/linux-64/ncurses-6.5-h2d0b736_3.conda
      - conda: https://conda.anaconda.org/conda-forge/linux-64/openssl-3.4.1-h7b32b05_0.conda
      - conda: https://conda.anaconda.org/conda-forge/linux-64/python-3.10.16-habfa6aa_2_cpython.conda
      - conda: https://conda.anaconda.org/conda-forge/linux-64/readline-8.2-h8c095d6_2.conda
      - conda: https://conda.anaconda.org/conda-forge/linux-64/tk-8.6.13-noxft_h4845f30_101.conda
      - conda: https://conda.anaconda.org/conda-forge/noarch/tzdata-2025b-h78e105d_0.conda
      - pypi: https://files.pythonhosted.org/packages/68/aa/5fc646cae6e997c3adf3b0a7e257cda75cff21fcba15354dffd67789b7bb/cachetools-5.2.0-py3-none-any.whl
      - pypi: https://files.pythonhosted.org/packages/1c/d5/c84e1a17bf61d4df64ca866a1c9a913874b4e9bdc131ec689a0ad013fb36/certifi-2024.7.4-py3-none-any.whl
      - pypi: https://files.pythonhosted.org/packages/06/b3/24afc8868eba069a7f03650ac750a778862dc34941a4bebeb58706715726/charset_normalizer-2.0.12-py3-none-any.whl
      - pypi: https://files.pythonhosted.org/packages/98/71/4fea2bb6b234df5bc55779463a1cc42cc43d7b7faf1f64126a6886db8dfe/chartpress-2.3.0-py3-none-any.whl
      - pypi: https://files.pythonhosted.org/packages/54/f3/7af47ead249fbb798d64a0438bad5c26f17ef6ac5cd324d802038eb10d90/docker-5.0.3-py2.py3-none-any.whl
      - pypi: https://files.pythonhosted.org/packages/e8/14/9c6a7e5f12294ccd6975a45e02899ed25468cd7c2c86f3d9725f387f9f5f/exceptiongroup-1.1.0-py3-none-any.whl
      - pypi: https://files.pythonhosted.org/packages/43/09/2aea36ff60d16dd8879bdb2f5b3ee0ba8d08cbbdcdfe870e695ce3784385/execnet-2.1.1-py3-none-any.whl
      - pypi: https://files.pythonhosted.org/packages/81/1f/f2e98da9ccf8f94bddecd690dbf2defb6244011874e3b523aa397887d8a9/google_auth-2.7.0-py2.py3-none-any.whl
      - pypi: https://files.pythonhosted.org/packages/e5/3e/741d8c82801c347547f8a2a06aa57dbb1992be9e948df2ea0eda2c8b79e8/idna-3.7-py3-none-any.whl
      - pypi: https://files.pythonhosted.org/packages/9b/dd/b3c12c6d707058fa947864b67f0c4e0c39ef8610988d7baea9578f3c48f3/iniconfig-1.1.1-py2.py3-none-any.whl
      - pypi: https://files.pythonhosted.org/packages/f5/6a/1f69c2d8b1ff03f8d8e10d801f4ac3016ed4c1b00aa9795732c6ec900bba/kubernetes-28.1.0-py2.py3-none-any.whl
      - pypi: https://files.pythonhosted.org/packages/7e/80/cab10959dc1faead58dc8384a781dfbf93cb4d33d50988f7a69f1b7c9bbe/oauthlib-3.2.2-py3-none-any.whl
      - pypi: https://files.pythonhosted.org/packages/05/8e/8de486cbd03baba4deef4142bd643a3e7bbe954a784dc1bb17142572d127/packaging-21.3-py3-none-any.whl
      - pypi: https://files.pythonhosted.org/packages/88/5f/e351af9a41f866ac3f1fac4ca0613908d9a41741cfcf2228f4ad853b697d/pluggy-1.5.0-py3-none-any.whl
      - pypi: https://files.pythonhosted.org/packages/62/1e/a94a8d635fa3ce4cfc7f506003548d0a2447ae76fd5ca53932970fe3053f/pyasn1-0.4.8-py2.py3-none-any.whl
      - pypi: https://files.pythonhosted.org/packages/95/de/214830a981892a3e286c3794f41ae67a4495df1108c3da8a9f62159b9a9d/pyasn1_modules-0.2.8-py2.py3-none-any.whl
      - pypi: https://files.pythonhosted.org/packages/6c/10/a7d0fa5baea8fe7b50f448ab742f26f52b80bfca85ac2be9d35cdd9a3246/pyparsing-3.0.9-py3-none-any.whl
      - pypi: https://files.pythonhosted.org/packages/30/3d/64ad57c803f1fa1e963a7946b6e0fea4a70df53c1a7fed304586539c2bac/pytest-8.3.5-py3-none-any.whl
      - pypi: https://files.pythonhosted.org/packages/89/37/54e5ffc7c0cebee7cf30a3ac5915faa7e7abf8bdfdf3228c277f7c192489/pytest_rerunfailures-15.0-py3-none-any.whl
      - pypi: https://files.pythonhosted.org/packages/03/27/14af9ef8321f5edc7527e47def2a21d8118c6f329a9342cc61387a0c0599/pytest_timeout-2.3.1-py3-none-any.whl
      - pypi: https://files.pythonhosted.org/packages/6d/82/1d96bf03ee4c0fdc3c0cbe61470070e659ca78dc0086fb88b66c185e2449/pytest_xdist-3.6.1-py3-none-any.whl
      - pypi: https://files.pythonhosted.org/packages/36/7a/87837f39d0296e723bb9b62bbb257d0355c7f6128853c78955f57342a56d/python_dateutil-2.8.2-py2.py3-none-any.whl
      - pypi: https://files.pythonhosted.org/packages/6b/4e/1523cb902fd98355e2e9ea5e5eb237cbc5f3ad5f3075fa65087aa0ecb669/PyYAML-6.0.2-cp310-cp310-manylinux_2_17_x86_64.manylinux2014_x86_64.whl
      - pypi: https://files.pythonhosted.org/packages/70/8e/0e2d847013cb52cd35b38c009bb167a1a26b2ce6cd6965bf26b47bc0bf44/requests-2.31.0-py3-none-any.whl
      - pypi: https://files.pythonhosted.org/packages/6f/bb/5deac77a9af870143c684ab46a7934038a53eb4aa975bc0687ed6ca2c610/requests_oauthlib-1.3.1-py2.py3-none-any.whl
      - pypi: https://files.pythonhosted.org/packages/30/ab/8fd9e88e6fa5ec41afca995938bbefb72195278e0cfc5bd76a4f29b23fb2/rsa-4.8-py3-none-any.whl
      - pypi: https://files.pythonhosted.org/packages/9e/cb/938214ac358fbef7058343b3765c79a1b7ed0c366f7f992ce7ff38335652/ruamel.yaml-0.17.21-py3-none-any.whl
      - pypi: https://files.pythonhosted.org/packages/51/9d/f6189b21e8669a7c8b693b86cbf235db7de4229ea006d9085bbe5c05eea8/ruamel.yaml.clib-0.2.7-cp310-cp310-manylinux_2_17_x86_64.manylinux2014_x86_64.manylinux_2_24_x86_64.whl
      - pypi: https://files.pythonhosted.org/packages/d9/5a/e7c31adbe875f2abbb91bd84cf2dc52d792b5a01506781dbcf25c91daf11/six-1.16.0-py2.py3-none-any.whl
      - pypi: https://files.pythonhosted.org/packages/97/75/10a9ebee3fd790d20926a90a2547f0bf78f371b2f13aa822c759680ca7b9/tomli-2.0.1-py3-none-any.whl
      - pypi: https://files.pythonhosted.org/packages/ae/6a/99eaaeae8becaa17a29aeb334a18e5d582d873b6f084c11f02581b8d7f7f/urllib3-1.26.19-py2.py3-none-any.whl
      - pypi: https://files.pythonhosted.org/packages/a1/9e/8ddb04ef21ea3dfe3924b884dc11fa785df662af23e049ec2d62eaba707d/websocket_client-1.3.2-py3-none-any.whl
packages:
- conda: https://conda.anaconda.org/conda-forge/linux-64/_libgcc_mutex-0.1-conda_forge.tar.bz2
  sha256: fe51de6107f9edc7aa4f786a70f4a883943bc9d39b3bb7307c04c41410990726
  md5: d7c89558ba9fa0495403155b64376d81
  license: None
  purls: []
  size: 2562
  timestamp: 1578324546067
- conda: https://conda.anaconda.org/conda-forge/linux-64/_openmp_mutex-4.5-2_gnu.tar.bz2
  build_number: 16
  sha256: fbe2c5e56a653bebb982eda4876a9178aedfc2b545f25d0ce9c4c0b508253d22
  md5: 73aaf86a425cc6e73fcf236a5a46396d
  depends:
  - _libgcc_mutex 0.1 conda_forge
  - libgomp >=7.5.0
  constrains:
  - openmp_impl 9999
  license: BSD-3-Clause
  license_family: BSD
  purls: []
  size: 23621
  timestamp: 1650670423406
- conda: https://conda.anaconda.org/conda-forge/linux-64/bzip2-1.0.8-h4bc722e_7.conda
  sha256: 5ced96500d945fb286c9c838e54fa759aa04a7129c59800f0846b4335cee770d
  md5: 62ee74e96c5ebb0af99386de58cf9553
  depends:
  - __glibc >=2.17,<3.0.a0
  - libgcc-ng >=12
  license: bzip2-1.0.6
  license_family: BSD
  purls: []
  size: 252783
  timestamp: 1720974456583
- conda: https://conda.anaconda.org/conda-forge/linux-64/ca-certificates-2025.1.31-hbcca054_0.conda
  sha256: bf832198976d559ab44d6cdb315642655547e26d826e34da67cbee6624cda189
  md5: 19f3a56f68d2fd06c516076bff482c52
  license: ISC
  purls: []
  size: 158144
  timestamp: 1738298224464
- pypi: https://files.pythonhosted.org/packages/68/aa/5fc646cae6e997c3adf3b0a7e257cda75cff21fcba15354dffd67789b7bb/cachetools-5.2.0-py3-none-any.whl
  name: cachetools
  version: 5.2.0
  sha256: f9f17d2aec496a9aa6b76f53e3b614c965223c061982d434d160f930c698a9db
  requires_python: ~=3.7
- pypi: https://files.pythonhosted.org/packages/1c/d5/c84e1a17bf61d4df64ca866a1c9a913874b4e9bdc131ec689a0ad013fb36/certifi-2024.7.4-py3-none-any.whl
  name: certifi
  version: 2024.7.4
  sha256: c198e21b1289c2ab85ee4e67bb4b4ef3ead0892059901a8d5b622f24a1101e90
  requires_python: '>=3.6'
- pypi: https://files.pythonhosted.org/packages/06/b3/24afc8868eba069a7f03650ac750a778862dc34941a4bebeb58706715726/charset_normalizer-2.0.12-py3-none-any.whl
  name: charset-normalizer
  version: 2.0.12
  sha256: 6881edbebdb17b39b4eaaa821b438bf6eddffb4468cf344f09f89def34a8b1df
  requires_dist:
  - unicodedata2 ; extra == 'unicode-backport'
  requires_python: '>=3.5.0'
- pypi: https://files.pythonhosted.org/packages/98/71/4fea2bb6b234df5bc55779463a1cc42cc43d7b7faf1f64126a6886db8dfe/chartpress-2.3.0-py3-none-any.whl
  name: chartpress
  version: 2.3.0
  sha256: 53df641fe1145937689caf2c40cb96ecb32422fc3de5f60171436d3a4eedd300
  requires_dist:
  - ruamel-yaml>=0.15.44
  - docker>=3.2.0,!=5.0.0
  requires_python: '>=3.7'
- pypi: https://files.pythonhosted.org/packages/54/f3/7af47ead249fbb798d64a0438bad5c26f17ef6ac5cd324d802038eb10d90/docker-5.0.3-py2.py3-none-any.whl
  name: docker
  version: 5.0.3
  sha256: 7a79bb439e3df59d0a72621775d600bc8bc8b422d285824cb37103eab91d1ce0
  requires_dist:
  - websocket-client>=0.32.0
  - requests>=2.14.2,!=2.18.0
  - pywin32==227 ; sys_platform == 'win32'
  - paramiko>=2.4.2 ; extra == 'ssh'
  - pyopenssl>=17.5.0 ; extra == 'tls'
  - cryptography>=3.4.7 ; extra == 'tls'
  - idna>=2.0.0 ; extra == 'tls'
  requires_python: '>=3.6'
- pypi: https://files.pythonhosted.org/packages/e8/14/9c6a7e5f12294ccd6975a45e02899ed25468cd7c2c86f3d9725f387f9f5f/exceptiongroup-1.1.0-py3-none-any.whl
  name: exceptiongroup
  version: 1.1.0
  sha256: 327cbda3da756e2de031a3107b81ab7b3770a602c4d16ca618298c526f4bec1e
  requires_dist:
  - pytest>=6 ; extra == 'test'
  requires_python: '>=3.7'
- pypi: https://files.pythonhosted.org/packages/43/09/2aea36ff60d16dd8879bdb2f5b3ee0ba8d08cbbdcdfe870e695ce3784385/execnet-2.1.1-py3-none-any.whl
  name: execnet
  version: 2.1.1
  sha256: 26dee51f1b80cebd6d0ca8e74dd8745419761d3bef34163928cbebbdc4749fdc
  requires_dist:
  - hatch ; extra == 'testing'
  - pre-commit ; extra == 'testing'
  - pytest ; extra == 'testing'
  - tox ; extra == 'testing'
  requires_python: '>=3.8'
- pypi: https://files.pythonhosted.org/packages/81/1f/f2e98da9ccf8f94bddecd690dbf2defb6244011874e3b523aa397887d8a9/google_auth-2.7.0-py2.py3-none-any.whl
  name: google-auth
  version: 2.7.0
  sha256: df549a1433108801b11bdcc0e312eaf0d5f0500db42f0523e4d65c78722e8475
  requires_dist:
  - cachetools>=2.0.0,<6.0
  - pyasn1-modules>=0.2.1
  - six>=1.9.0
  - enum34>=1.1.10 ; python_full_version < '3.4'
  - rsa<4.6 ; python_full_version < '3.6'
  - rsa>=3.1.4,<5 ; python_full_version >= '3.6'
  - requests>=2.20.0,<3.0.0.dev0 ; extra == 'aiohttp'
  - aiohttp>=3.6.2,<4.0.0.dev0 ; python_full_version >= '3.6' and extra == 'aiohttp'
  - cryptography==36.0.2 ; extra == 'enterprise-cert'
  - pyopenssl==22.0.0 ; extra == 'enterprise-cert'
  - pyopenssl>=20.0.0 ; extra == 'pyopenssl'
  - pyu2f>=0.1.5 ; extra == 'reauth'
  requires_python: '>=2.7,!=3.0.*,!=3.1.*,!=3.2.*,!=3.3.*,!=3.4.*,!=3.5.*'
- pypi: https://files.pythonhosted.org/packages/e5/3e/741d8c82801c347547f8a2a06aa57dbb1992be9e948df2ea0eda2c8b79e8/idna-3.7-py3-none-any.whl
  name: idna
  version: '3.7'
  sha256: 82fee1fc78add43492d3a1898bfa6d8a904cc97d8427f683ed8e798d07761aa0
  requires_python: '>=3.5'
- pypi: https://files.pythonhosted.org/packages/9b/dd/b3c12c6d707058fa947864b67f0c4e0c39ef8610988d7baea9578f3c48f3/iniconfig-1.1.1-py2.py3-none-any.whl
  name: iniconfig
  version: 1.1.1
  sha256: 011e24c64b7f47f6ebd835bb12a743f2fbe9a26d4cecaa7f53bc4f35ee9da8b3
- pypi: https://files.pythonhosted.org/packages/f5/6a/1f69c2d8b1ff03f8d8e10d801f4ac3016ed4c1b00aa9795732c6ec900bba/kubernetes-28.1.0-py2.py3-none-any.whl
  name: kubernetes
  version: 28.1.0
  sha256: 10f56f8160dcb73647f15fafda268e7f60cf7dbc9f8e46d52fcd46d3beb0c18d
  requires_dist:
  - certifi>=14.5.14
  - six>=1.9.0
  - python-dateutil>=2.5.3
  - pyyaml>=5.4.1
  - google-auth>=1.0.1
  - websocket-client>=0.32.0,!=0.40.0,!=0.41.*,!=0.42.*
  - requests
  - requests-oauthlib
  - oauthlib>=3.2.2
  - urllib3>=1.24.2,<2.0
  - ipaddress>=1.0.17 ; python_full_version == '2.7.*'
  - adal>=1.0.2 ; extra == 'adal'
  requires_python: '>=3.6'
- conda: https://conda.anaconda.org/conda-forge/linux-64/ld_impl_linux-64-2.43-h712a8e2_4.conda
  sha256: db73f38155d901a610b2320525b9dd3b31e4949215c870685fd92ea61b5ce472
  md5: 01f8d123c96816249efd255a31ad7712
  depends:
  - __glibc >=2.17,<3.0.a0
  constrains:
  - binutils_impl_linux-64 2.43
  license: GPL-3.0-only
  license_family: GPL
  purls: []
  size: 671240
  timestamp: 1740155456116
- conda: https://conda.anaconda.org/conda-forge/linux-64/libffi-3.4.6-h2dba641_1.conda
  sha256: 764432d32db45466e87f10621db5b74363a9f847d2b8b1f9743746cd160f06ab
  md5: ede4673863426c0883c0063d853bbd85
  depends:
  - __glibc >=2.17,<3.0.a0
  - libgcc >=13
  license: MIT
  license_family: MIT
  purls: []
  size: 57433
  timestamp: 1743434498161
- conda: https://conda.anaconda.org/conda-forge/linux-64/libgcc-14.2.0-h767d61c_2.conda
  sha256: 3a572d031cb86deb541d15c1875aaa097baefc0c580b54dc61f5edab99215792
  md5: ef504d1acbd74b7cc6849ef8af47dd03
  depends:
  - __glibc >=2.17,<3.0.a0
  - _openmp_mutex >=4.5
  constrains:
  - libgomp 14.2.0 h767d61c_2
  - libgcc-ng ==14.2.0=*_2
  license: GPL-3.0-only WITH GCC-exception-3.1
  license_family: GPL
  purls: []
  size: 847885
  timestamp: 1740240653082
- conda: https://conda.anaconda.org/conda-forge/linux-64/libgcc-ng-14.2.0-h69a702a_2.conda
  sha256: fb7558c328b38b2f9d2e412c48da7890e7721ba018d733ebdfea57280df01904
  md5: a2222a6ada71fb478682efe483ce0f92
  depends:
  - libgcc 14.2.0 h767d61c_2
  license: GPL-3.0-only WITH GCC-exception-3.1
  license_family: GPL
  purls: []
  size: 53758
  timestamp: 1740240660904
- conda: https://conda.anaconda.org/conda-forge/linux-64/libgomp-14.2.0-h767d61c_2.conda
  sha256: 1a3130e0b9267e781b89399580f3163632d59fe5b0142900d63052ab1a53490e
  md5: 06d02030237f4d5b3d9a7e7d348fe3c6
  depends:
  - __glibc >=2.17,<3.0.a0
  license: GPL-3.0-only WITH GCC-exception-3.1
  license_family: GPL
  purls: []
  size: 459862
  timestamp: 1740240588123
- conda: https://conda.anaconda.org/conda-forge/linux-64/liblzma-5.6.4-hb9d3cd8_0.conda
  sha256: cad52e10319ca4585bc37f0bc7cce99ec7c15dc9168e42ccb96b741b0a27db3f
  md5: 42d5b6a0f30d3c10cd88cb8584fda1cb
  depends:
  - __glibc >=2.17,<3.0.a0
  - libgcc >=13
  license: 0BSD
  purls: []
  size: 111357
  timestamp: 1738525339684
- conda: https://conda.anaconda.org/conda-forge/linux-64/libnsl-2.0.1-hd590300_0.conda
  sha256: 26d77a3bb4dceeedc2a41bd688564fe71bf2d149fdcf117049970bc02ff1add6
  md5: 30fd6e37fe21f86f4bd26d6ee73eeec7
  depends:
  - libgcc-ng >=12
  license: LGPL-2.1-only
  license_family: GPL
  purls: []
  size: 33408
  timestamp: 1697359010159
- conda: https://conda.anaconda.org/conda-forge/linux-64/libsqlite-3.49.1-hee588c1_2.conda
  sha256: a086289bf75c33adc1daed3f1422024504ffb5c3c8b3285c49f025c29708ed16
  md5: 962d6ac93c30b1dfc54c9cccafd1003e
  depends:
  - __glibc >=2.17,<3.0.a0
  - libgcc >=13
  - libzlib >=1.3.1,<2.0a0
  license: Unlicense
  purls: []
  size: 918664
  timestamp: 1742083674731
- conda: https://conda.anaconda.org/conda-forge/linux-64/libuuid-2.38.1-h0b41bf4_0.conda
  sha256: 787eb542f055a2b3de553614b25f09eefb0a0931b0c87dbcce6efdfd92f04f18
  md5: 40b61aab5c7ba9ff276c41cfffe6b80b
  depends:
  - libgcc-ng >=12
  license: BSD-3-Clause
  license_family: BSD
  purls: []
  size: 33601
  timestamp: 1680112270483
- conda: https://conda.anaconda.org/conda-forge/linux-64/libxcrypt-4.4.36-hd590300_1.conda
  sha256: 6ae68e0b86423ef188196fff6207ed0c8195dd84273cb5623b85aa08033a410c
  md5: 5aa797f8787fe7a17d1b0821485b5adc
  depends:
  - libgcc-ng >=12
  license: LGPL-2.1-or-later
  purls: []
  size: 100393
  timestamp: 1702724383534
- conda: https://conda.anaconda.org/conda-forge/linux-64/libzlib-1.3.1-hb9d3cd8_2.conda
  sha256: d4bfe88d7cb447768e31650f06257995601f89076080e76df55e3112d4e47dc4
  md5: edb0dca6bc32e4f4789199455a1dbeb8
  depends:
  - __glibc >=2.17,<3.0.a0
  - libgcc >=13
  constrains:
  - zlib 1.3.1 *_2
  license: Zlib
  license_family: Other
  purls: []
  size: 60963
  timestamp: 1727963148474
- conda: https://conda.anaconda.org/conda-forge/linux-64/ncurses-6.5-h2d0b736_3.conda
  sha256: 3fde293232fa3fca98635e1167de6b7c7fda83caf24b9d6c91ec9eefb4f4d586
  md5: 47e340acb35de30501a76c7c799c41d7
  depends:
  - __glibc >=2.17,<3.0.a0
  - libgcc >=13
  license: X11 AND BSD-3-Clause
  purls: []
  size: 891641
  timestamp: 1738195959188
- pypi: https://files.pythonhosted.org/packages/7e/80/cab10959dc1faead58dc8384a781dfbf93cb4d33d50988f7a69f1b7c9bbe/oauthlib-3.2.2-py3-none-any.whl
  name: oauthlib
  version: 3.2.2
  sha256: 8139f29aac13e25d502680e9e19963e83f16838d48a0d71c287fe40e7067fbca
  requires_dist:
  - cryptography>=3.0.0 ; extra == 'rsa'
  - blinker>=1.4.0 ; extra == 'signals'
  - cryptography>=3.0.0 ; extra == 'signedtoken'
  - pyjwt>=2.0.0,<3 ; extra == 'signedtoken'
  requires_python: '>=3.6'
- conda: https://conda.anaconda.org/conda-forge/linux-64/openssl-3.4.1-h7b32b05_0.conda
  sha256: cbf62df3c79a5c2d113247ddea5658e9ff3697b6e741c210656e239ecaf1768f
  md5: 41adf927e746dc75ecf0ef841c454e48
  depends:
  - __glibc >=2.17,<3.0.a0
  - ca-certificates
  - libgcc >=13
  license: Apache-2.0
  license_family: Apache
  purls: []
  size: 2939306
  timestamp: 1739301879343
- pypi: https://files.pythonhosted.org/packages/05/8e/8de486cbd03baba4deef4142bd643a3e7bbe954a784dc1bb17142572d127/packaging-21.3-py3-none-any.whl
  name: packaging
  version: '21.3'
  sha256: ef103e05f519cdc783ae24ea4e2e0f508a9c99b2d4969652eed6a2e1ea5bd522
  requires_dist:
  - pyparsing>=2.0.2,!=3.0.5
  requires_python: '>=3.6'
- pypi: https://files.pythonhosted.org/packages/88/5f/e351af9a41f866ac3f1fac4ca0613908d9a41741cfcf2228f4ad853b697d/pluggy-1.5.0-py3-none-any.whl
  name: pluggy
  version: 1.5.0
  sha256: 44e1ad92c8ca002de6377e165f3e0f1be63266ab4d554740532335b9d75ea669
  requires_dist:
  - pre-commit ; extra == 'dev'
  - tox ; extra == 'dev'
  - pytest ; extra == 'testing'
  - pytest-benchmark ; extra == 'testing'
  requires_python: '>=3.8'
- pypi: https://files.pythonhosted.org/packages/62/1e/a94a8d635fa3ce4cfc7f506003548d0a2447ae76fd5ca53932970fe3053f/pyasn1-0.4.8-py2.py3-none-any.whl
  name: pyasn1
  version: 0.4.8
  sha256: 39c7e2ec30515947ff4e87fb6f456dfc6e84857d34be479c9d4a4ba4bf46aa5d
- pypi: https://files.pythonhosted.org/packages/95/de/214830a981892a3e286c3794f41ae67a4495df1108c3da8a9f62159b9a9d/pyasn1_modules-0.2.8-py2.py3-none-any.whl
  name: pyasn1-modules
  version: 0.2.8
  sha256: a50b808ffeb97cb3601dd25981f6b016cbb3d31fbf57a8b8a87428e6158d0c74
  requires_dist:
  - pyasn1>=0.4.6,<0.5.0
- pypi: https://files.pythonhosted.org/packages/6c/10/a7d0fa5baea8fe7b50f448ab742f26f52b80bfca85ac2be9d35cdd9a3246/pyparsing-3.0.9-py3-none-any.whl
  name: pyparsing
  version: 3.0.9
  sha256: 5026bae9a10eeaefb61dab2f09052b9f4307d44aee4eda64b309723d8d206bbc
  requires_dist:
  - railroad-diagrams ; extra == 'diagrams'
  - jinja2 ; extra == 'diagrams'
  requires_python: '>=3.6.8'
- pypi: https://files.pythonhosted.org/packages/30/3d/64ad57c803f1fa1e963a7946b6e0fea4a70df53c1a7fed304586539c2bac/pytest-8.3.5-py3-none-any.whl
  name: pytest
  version: 8.3.5
  sha256: c69214aa47deac29fad6c2a4f590b9c4a9fdb16a403176fe154b79c0b4d4d820
  requires_dist:
  - colorama ; sys_platform == 'win32'
  - exceptiongroup>=1.0.0rc8 ; python_full_version < '3.11'
  - iniconfig
  - packaging
  - pluggy>=1.5,<2
  - tomli>=1 ; python_full_version < '3.11'
  - argcomplete ; extra == 'dev'
  - attrs>=19.2 ; extra == 'dev'
  - hypothesis>=3.56 ; extra == 'dev'
  - mock ; extra == 'dev'
  - pygments>=2.7.2 ; extra == 'dev'
  - requests ; extra == 'dev'
  - setuptools ; extra == 'dev'
  - xmlschema ; extra == 'dev'
  requires_python: '>=3.8'
- pypi: https://files.pythonhosted.org/packages/89/37/54e5ffc7c0cebee7cf30a3ac5915faa7e7abf8bdfdf3228c277f7c192489/pytest_rerunfailures-15.0-py3-none-any.whl
  name: pytest-rerunfailures
  version: '15.0'
  sha256: dd150c4795c229ef44320adc9a0c0532c51b78bb7a6843a8c53556b9a611df1a
  requires_dist:
  - packaging>=17.1
  - pytest>=7.4,!=8.2.2
  requires_python: '>=3.9'
- pypi: https://files.pythonhosted.org/packages/03/27/14af9ef8321f5edc7527e47def2a21d8118c6f329a9342cc61387a0c0599/pytest_timeout-2.3.1-py3-none-any.whl
  name: pytest-timeout
  version: 2.3.1
  sha256: 68188cb703edfc6a18fad98dc25a3c61e9f24d644b0b70f33af545219fc7813e
  requires_dist:
  - pytest>=7.0.0
  requires_python: '>=3.7'
- pypi: https://files.pythonhosted.org/packages/6d/82/1d96bf03ee4c0fdc3c0cbe61470070e659ca78dc0086fb88b66c185e2449/pytest_xdist-3.6.1-py3-none-any.whl
  name: pytest-xdist
  version: 3.6.1
  sha256: 9ed4adfb68a016610848639bb7e02c9352d5d9f03d04809919e2dafc3be4cca7
  requires_dist:
  - execnet>=2.1
  - pytest>=7.0.0
  - psutil>=3.0 ; extra == 'psutil'
  - setproctitle ; extra == 'setproctitle'
  - filelock ; extra == 'testing'
  requires_python: '>=3.8'
- conda: https://conda.anaconda.org/conda-forge/linux-64/python-3.10.16-habfa6aa_2_cpython.conda
  build_number: 2
  sha256: 0ab21c4738003a9f8d1d13089bf7d01e6633fcfb4f3265354899e3d39b935f3c
  md5: 35e864ff2ec654d09fdc189706dfd139
  depends:
  - __glibc >=2.17,<3.0.a0
  - bzip2 >=1.0.8,<2.0a0
  - ld_impl_linux-64 >=2.36.1
  - libffi >=3.4,<4.0a0
  - libgcc >=13
  - liblzma >=5.6.4,<6.0a0
  - libnsl >=2.0.1,<2.1.0a0
  - libsqlite >=3.49.1,<4.0a0
  - libuuid >=2.38.1,<3.0a0
  - libxcrypt >=4.4.36
  - libzlib >=1.3.1,<2.0a0
  - ncurses >=6.5,<7.0a0
  - openssl >=3.4.1,<4.0a0
  - readline >=8.2,<9.0a0
  - tk >=8.6.13,<8.7.0a0
  - tzdata
  constrains:
  - python_abi 3.10.* *_cp310
  license: Python-2.0
  purls: []
  size: 25384232
  timestamp: 1743691208246
- pypi: https://files.pythonhosted.org/packages/36/7a/87837f39d0296e723bb9b62bbb257d0355c7f6128853c78955f57342a56d/python_dateutil-2.8.2-py2.py3-none-any.whl
  name: python-dateutil
  version: 2.8.2
  sha256: 961d03dc3453ebbc59dbdea9e4e11c5651520a876d0f4db161e8674aae935da9
  requires_dist:
  - six>=1.5
  requires_python: '>=2.7,!=3.0.*,!=3.1.*,!=3.2.*'
- pypi: https://files.pythonhosted.org/packages/6b/4e/1523cb902fd98355e2e9ea5e5eb237cbc5f3ad5f3075fa65087aa0ecb669/PyYAML-6.0.2-cp310-cp310-manylinux_2_17_x86_64.manylinux2014_x86_64.whl
  name: pyyaml
  version: 6.0.2
  sha256: ec031d5d2feb36d1d1a24380e4db6d43695f3748343d99434e6f5f9156aaa2ed
  requires_python: '>=3.8'
- conda: https://conda.anaconda.org/conda-forge/linux-64/readline-8.2-h8c095d6_2.conda
  sha256: 2d6d0c026902561ed77cd646b5021aef2d4db22e57a5b0178dfc669231e06d2c
  md5: 283b96675859b20a825f8fa30f311446
  depends:
  - libgcc >=13
  - ncurses >=6.5,<7.0a0
  license: GPL-3.0-only
  license_family: GPL
  purls: []
  size: 282480
  timestamp: 1740379431762
- pypi: https://files.pythonhosted.org/packages/70/8e/0e2d847013cb52cd35b38c009bb167a1a26b2ce6cd6965bf26b47bc0bf44/requests-2.31.0-py3-none-any.whl
  name: requests
  version: 2.31.0
  sha256: 58cd2187c01e70e6e26505bca751777aa9f2ee0b7f4300988b709f44e013003f
  requires_dist:
  - charset-normalizer>=2,<4
  - idna>=2.5,<4
  - urllib3>=1.21.1,<3
  - certifi>=2017.4.17
  - pysocks>=1.5.6,!=1.5.7 ; extra == 'socks'
  - chardet>=3.0.2,<6 ; extra == 'use-chardet-on-py3'
  requires_python: '>=3.7'
- pypi: https://files.pythonhosted.org/packages/6f/bb/5deac77a9af870143c684ab46a7934038a53eb4aa975bc0687ed6ca2c610/requests_oauthlib-1.3.1-py2.py3-none-any.whl
  name: requests-oauthlib
  version: 1.3.1
  sha256: 2577c501a2fb8d05a304c09d090d6e47c306fef15809d102b327cf8364bddab5
  requires_dist:
  - oauthlib>=3.0.0
  - requests>=2.0.0
  - oauthlib[signedtoken]>=3.0.0 ; extra == 'rsa'
  requires_python: '>=2.7,!=3.0.*,!=3.1.*,!=3.2.*,!=3.3.*'
- pypi: https://files.pythonhosted.org/packages/30/ab/8fd9e88e6fa5ec41afca995938bbefb72195278e0cfc5bd76a4f29b23fb2/rsa-4.8-py3-none-any.whl
  name: rsa
  version: '4.8'
  sha256: 95c5d300c4e879ee69708c428ba566c59478fd653cc3a22243eeb8ed846950bb
  requires_dist:
  - pyasn1>=0.1.3
  requires_python: '>=3.6,<4'
- pypi: https://files.pythonhosted.org/packages/9e/cb/938214ac358fbef7058343b3765c79a1b7ed0c366f7f992ce7ff38335652/ruamel.yaml-0.17.21-py3-none-any.whl
  name: ruamel-yaml
  version: 0.17.21
  sha256: 742b35d3d665023981bd6d16b3d24248ce5df75fdb4e2924e93a05c1f8b61ca7
  requires_dist:
  - ruamel-yaml-clib>=0.2.6 ; python_full_version < '3.11' and platform_python_implementation == 'CPython'
  - ryd ; extra == 'docs'
  - ruamel-yaml-jinja2>=0.2 ; extra == 'jinja2'
  requires_python: '>=3'
- pypi: https://files.pythonhosted.org/packages/51/9d/f6189b21e8669a7c8b693b86cbf235db7de4229ea006d9085bbe5c05eea8/ruamel.yaml.clib-0.2.7-cp310-cp310-manylinux_2_17_x86_64.manylinux2014_x86_64.manylinux_2_24_x86_64.whl
  name: ruamel-yaml-clib
  version: 0.2.7
  sha256: efa08d63ef03d079dcae1dfe334f6c8847ba8b645d08df286358b1f5293d24ab
  requires_python: '>=3.6'
- pypi: https://files.pythonhosted.org/packages/d9/5a/e7c31adbe875f2abbb91bd84cf2dc52d792b5a01506781dbcf25c91daf11/six-1.16.0-py2.py3-none-any.whl
  name: six
  version: 1.16.0
  sha256: 8abb2f1d86890a2dfb989f9a77cfcfd3e47c2a354b01111771326f8aa26e0254
  requires_python: '>=2.7,!=3.0.*,!=3.1.*,!=3.2.*'
- conda: https://conda.anaconda.org/conda-forge/linux-64/tk-8.6.13-noxft_h4845f30_101.conda
  sha256: e0569c9caa68bf476bead1bed3d79650bb080b532c64a4af7d8ca286c08dea4e
  md5: d453b98d9c83e71da0741bb0ff4d76bc
  depends:
  - libgcc-ng >=12
  - libzlib >=1.2.13,<2.0.0a0
  license: TCL
  license_family: BSD
  purls: []
  size: 3318875
  timestamp: 1699202167581
- pypi: https://files.pythonhosted.org/packages/97/75/10a9ebee3fd790d20926a90a2547f0bf78f371b2f13aa822c759680ca7b9/tomli-2.0.1-py3-none-any.whl
  name: tomli
  version: 2.0.1
  sha256: 939de3e7a6161af0c887ef91b7d41a53e7c5a1ca976325f429cb46ea9bc30ecc
  requires_python: '>=3.7'
- conda: https://conda.anaconda.org/conda-forge/noarch/tzdata-2025b-h78e105d_0.conda
  sha256: 5aaa366385d716557e365f0a4e9c3fca43ba196872abbbe3d56bb610d131e192
  md5: 4222072737ccff51314b5ece9c7d6f5a
  license: LicenseRef-Public-Domain
  purls: []
  size: 122968
  timestamp: 1742727099393
- pypi: https://files.pythonhosted.org/packages/ae/6a/99eaaeae8becaa17a29aeb334a18e5d582d873b6f084c11f02581b8d7f7f/urllib3-1.26.19-py2.py3-none-any.whl
  name: urllib3
  version: 1.26.19
  sha256: 37a0344459b199fce0e80b0d3569837ec6b6937435c5244e7fd73fa6006830f3
  requires_dist:
  - brotlicffi>=0.8.0 ; (os_name != 'nt' and platform_python_implementation != 'CPython' and extra == 'brotli') or (python_full_version >= '3' and platform_python_implementation != 'CPython' and extra == 'brotli')
  - brotli==1.0.9 ; python_full_version < '3' and os_name != 'nt' and platform_python_implementation == 'CPython' and extra == 'brotli'
  - brotlipy>=0.6.0 ; python_full_version < '3' and os_name == 'nt' and extra == 'brotli'
  - brotli>=1.0.9 ; python_full_version >= '3' and platform_python_implementation == 'CPython' and extra == 'brotli'
  - pyopenssl>=0.14 ; extra == 'secure'
  - cryptography>=1.3.4 ; extra == 'secure'
  - idna>=2.0.0 ; extra == 'secure'
  - certifi ; extra == 'secure'
  - urllib3-secure-extra ; extra == 'secure'
  - ipaddress ; python_full_version == '2.7.*' and extra == 'secure'
  - pysocks>=1.5.6,!=1.5.7,<2.0 ; extra == 'socks'
  requires_python: '>=2.7,!=3.0.*,!=3.1.*,!=3.2.*,!=3.3.*,!=3.4.*,!=3.5.*'
- pypi: https://files.pythonhosted.org/packages/a1/9e/8ddb04ef21ea3dfe3924b884dc11fa785df662af23e049ec2d62eaba707d/websocket_client-1.3.2-py3-none-any.whl
  name: websocket-client
  version: 1.3.2
  sha256: 722b171be00f2b90e1d4fb2f2b53146a536ca38db1da8ff49c972a4e1365d0ef
  requires_dist:
  - sphinx>=3.4 ; extra == 'docs'
  - sphinx-rtd-theme>=0.5 ; extra == 'docs'
  - python-socks ; extra == 'optional'
  - wsaccel ; extra == 'optional'
  - websockets ; extra == 'test'
  requires_python: '>=3.7'
